{
  "name": "nodeUDP",
  "version": "1.0.0",
  "lockfileVersion": 1,
  "requires": true,
  "dependencies": {
    "bootstrap": {
      "version": "3.3.7",
      "resolved": "https://registry.npmjs.org/bootstrap/-/bootstrap-3.3.7.tgz",
      "integrity": "sha1-WjiTlFSfIzMIdaOxUGVldPip63E="
    },
    "bootswatch": {
      "version": "3.3.7",
      "resolved": "https://registry.npmjs.org/bootswatch/-/bootswatch-3.3.7.tgz",
      "integrity": "sha1-62+amoUjuHpwbqkd7sPg1+qoqx8="
    },
    "debug": {
      "version": "2.6.8",
      "resolved": "https://registry.npmjs.org/debug/-/debug-2.6.8.tgz",
      "integrity": "sha1-5zFTHKLt4n0YgiJCfaF4IdaP9Pw="
    },
    "ejs": {
      "version": "2.5.6",
      "resolved": "https://registry.npmjs.org/ejs/-/ejs-2.5.6.tgz",
      "integrity": "sha1-R5Y2v6P+Ox3r1SCH8KyyBLTxnIg="
    },
    "engine.io": {
      "version": "3.1.0",
      "resolved": "https://registry.npmjs.org/engine.io/-/engine.io-3.1.0.tgz",
      "integrity": "sha1-XKQ4486f28kVxKIcjdnhJmcG5X4="
    },
    "express": {
      "version": "4.15.3",
      "resolved": "https://registry.npmjs.org/express/-/express-4.15.3.tgz",
      "integrity": "sha1-urZdDwOqgMNYQIly/HAPkWlEtmI=",
      "dependencies": {
        "debug": {
          "version": "2.6.7",
          "resolved": "https://registry.npmjs.org/debug/-/debug-2.6.7.tgz",
          "integrity": "sha1-krrR9tBbu2u6Isyoi80OyJTChh4="
        }
      }
    },
    "fetch": {
      "version": "1.1.0",
      "resolved": "https://registry.npmjs.org/fetch/-/fetch-1.1.0.tgz",
      "integrity": "sha1-CoJ58Gvjf58Ou1Z1YKMKSA2lmi4="
    },
    "has-binary2": {
      "version": "1.0.2",
      "resolved": "https://registry.npmjs.org/has-binary2/-/has-binary2-1.0.2.tgz",
      "integrity": "sha1-6D26SfC5vk0CbSc2U1DZ8D9Uvpg="
    },
    "jquery": {
      "version": "3.2.1",
      "resolved": "https://registry.npmjs.org/jquery/-/jquery-3.2.1.tgz",
      "integrity": "sha1-XE2d5lKvbNCncBVKYxu6ErAVx4c="
    },
    "mime": {
      "version": "1.3.6",
      "resolved": "https://registry.npmjs.org/mime/-/mime-1.3.6.tgz",
      "integrity": "sha1-WR2E02U6awtKO5343lqoEI5y5eA="
    },
    "node-fetch": {
      "version": "1.7.1",
      "resolved": "https://registry.npmjs.org/node-fetch/-/node-fetch-1.7.1.tgz",
      "integrity": "sha512-j8XsFGCLw79vWXkZtMSmmLaOk9z5SQ9bV/tkbZVCqvgwzrjAGq66igobLofHtF63NvMTp2WjytpsNTGKa+XRIQ=="
    },
    "socket.io": {
      "version": "2.1.0",
      "resolved": "https://registry.npmjs.org/socket.io/-/socket.io-2.1.0.tgz",
      "integrity": "sha512-KS+3CNWWNtLbVN5j0/B+1hjxRzey+oTK6ejpAOoxMZis6aXeB8cUtfuvjHl97tuZx+t/qD/VyqFMjuzu2Js6uQ==",
      "requires": {
        "debug": "2.6.8",
        "engine.io": "3.1.0",
        "has-binary2": "1.0.2",
        "socket.io-adapter": "1.1.0",
        "socket.io-client": "2.0.2",
        "socket.io-parser": "3.1.2"
      }
    },
    "socket.io-adapter": {
      "version": "1.1.0",
      "resolved": "https://registry.npmjs.org/socket.io-adapter/-/socket.io-adapter-1.1.0.tgz",
      "integrity": "sha1-x6pGUB3VVsLLiiivj/lcC14dqkw=",
      "dependencies": {
        "debug": {
          "version": "2.3.3",
          "resolved": "https://registry.npmjs.org/debug/-/debug-2.3.3.tgz",
          "integrity": "sha1-QMRT5n5uE8kB3ewxeviYbNqe/4w="
        },
        "ms": {
          "version": "0.7.2",
          "resolved": "https://registry.npmjs.org/ms/-/ms-0.7.2.tgz",
          "integrity": "sha1-riXPJRKziFodldfwN4aNhDESR2U="
        }
      }
    },
    "socket.io-client": {
      "version": "2.0.2",
      "resolved": "https://registry.npmjs.org/socket.io-client/-/socket.io-client-2.0.2.tgz",
      "integrity": "sha1-hvWdtZuhFockIg85viga1Jr3QsE="
    },
    "socket.io-parser": {
      "version": "3.1.2",
      "resolved": "https://registry.npmjs.org/socket.io-parser/-/socket.io-parser-3.1.2.tgz",
      "integrity": "sha1-28IoIVH8T6675Aru3Ady66YZ9/I="
    },
    "xmldom": {
      "version": "0.1.27",
      "resolved": "https://registry.npmjs.org/xmldom/-/xmldom-0.1.27.tgz",
      "integrity": "sha1-1QH5ezvbQDr4757MIFcxh6rawOk="
    },
    "xterm": {
      "version": "2.7.0",
      "resolved": "https://registry.npmjs.org/xterm/-/xterm-2.7.0.tgz",
      "integrity": "sha1-BeQtJw/15nzKlRFrYshMDPxDW6o="
    }
  }
}
